// !$*UTF8*$!
{
	archiveVersion = 1;
	classes = {
	};
	objectVersion = 50;
	objects = {

/* Begin PBXBuildFile section */
		631A9DC7279B21EF00C7CC25 /* UniqueScene.swift in Sources */ = {isa = PBXBuildFile; fileRef = 631A9DC5279B21EF00C7CC25 /* UniqueScene.swift */; };
		631A9DC8279B21EF00C7CC25 /* BlinkScene.swift in Sources */ = {isa = PBXBuildFile; fileRef = 631A9DC6279B21EF00C7CC25 /* BlinkScene.swift */; };
		634FCC3C279ADB65004DF3F4 /* ProgressBar.swift in Sources */ = {isa = PBXBuildFile; fileRef = 634FCC3B279ADB65004DF3F4 /* ProgressBar.swift */; };
		6353BEE927673E6C0079EFE8 /* Explosion.sks in Resources */ = {isa = PBXBuildFile; fileRef = 6353BEE627673E6C0079EFE8 /* Explosion.sks */; };
		6353BEEA27673E6C0079EFE8 /* exp.sks in Resources */ = {isa = PBXBuildFile; fileRef = 6353BEE727673E6C0079EFE8 /* exp.sks */; };
		6353BEEB27673E6C0079EFE8 /* expBig.sks in Resources */ = {isa = PBXBuildFile; fileRef = 6353BEE827673E6C0079EFE8 /* expBig.sks */; };
		6353BEED27673E8F0079EFE8 /* fire.sks in Resources */ = {isa = PBXBuildFile; fileRef = 6353BEEC27673E8F0079EFE8 /* fire.sks */; };
		635E66A827A6FC1C0075C4FB /* Scene.swift in Sources */ = {isa = PBXBuildFile; fileRef = 635E66A727A6FC1C0075C4FB /* Scene.swift */; };
		635E66BC27A736DE0075C4FB /* GameInitViewController.swift in Sources */ = {isa = PBXBuildFile; fileRef = 635E66BB27A736DE0075C4FB /* GameInitViewController.swift */; };
		637BF9B9277A19BB0046786A /* Base.swift in Sources */ = {isa = PBXBuildFile; fileRef = 637BF9AC277A19BB0046786A /* Base.swift */; };
		637BF9BC277A19BB0046786A /* AppDelegate.swift in Sources */ = {isa = PBXBuildFile; fileRef = 637BF9AF277A19BB0046786A /* AppDelegate.swift */; };
		63834E2A276A1AD200BB5B83 /* LevelsIndicatorView.swift in Sources */ = {isa = PBXBuildFile; fileRef = 63834E29276A1AD200BB5B83 /* LevelsIndicatorView.swift */; };
		63834E2C276A62DA00BB5B83 /* SqnsViewController.swift in Sources */ = {isa = PBXBuildFile; fileRef = 63834E2B276A62DA00BB5B83 /* SqnsViewController.swift */; };
		63B2C30C279B2151008B2C1F /* BlinkItem.swift in Sources */ = {isa = PBXBuildFile; fileRef = 63B2C30B279B2151008B2C1F /* BlinkItem.swift */; };
		63F1C6A0279F661500FC4D48 /* InfoScene.swift in Sources */ = {isa = PBXBuildFile; fileRef = 63F1C69F279F661500FC4D48 /* InfoScene.swift */; };
		CE08208326E663D10087EC8C /* MenuViewController.swift in Sources */ = {isa = PBXBuildFile; fileRef = CE08208226E663D10087EC8C /* MenuViewController.swift */; };
		CE84CD3126E4137300DB7D5F /* BoomScene.swift in Sources */ = {isa = PBXBuildFile; fileRef = CE84CD2F26E4137300DB7D5F /* BoomScene.swift */; };
		CE84CD3226E4137300DB7D5F /* BoomItem.swift in Sources */ = {isa = PBXBuildFile; fileRef = CE84CD3026E4137300DB7D5F /* BoomItem.swift */; };
		CE84CD3E26E4724B00DB7D5F /* StarzGameScene.swift in Sources */ = {isa = PBXBuildFile; fileRef = CE84CD3B26E4724B00DB7D5F /* StarzGameScene.swift */; };
		CE84CD3F26E4724B00DB7D5F /* ContainerSprite.swift in Sources */ = {isa = PBXBuildFile; fileRef = CE84CD3C26E4724B00DB7D5F /* ContainerSprite.swift */; };
		CE84CD4826E472F200DB7D5F /* Level.swift in Sources */ = {isa = PBXBuildFile; fileRef = CE84CD4726E472F200DB7D5F /* Level.swift */; };
		CE84CD4A26E474E100DB7D5F /* Helpers.swift in Sources */ = {isa = PBXBuildFile; fileRef = CE84CD4926E474E100DB7D5F /* Helpers.swift */; };
		CE84CD5C26E47C3000DB7D5F /* GameViewController.swift in Sources */ = {isa = PBXBuildFile; fileRef = CE84CD5B26E47C3000DB7D5F /* GameViewController.swift */; };
		CE84CD6026E47C8800DB7D5F /* PlayFinalViewController.swift in Sources */ = {isa = PBXBuildFile; fileRef = CE84CD5F26E47C8800DB7D5F /* PlayFinalViewController.swift */; };
		CE8ED59926E2587C001A814F /* PracticeViewController.swift in Sources */ = {isa = PBXBuildFile; fileRef = CE8ED59826E2587C001A814F /* PracticeViewController.swift */; };
		CE8ED59C26E2587C001A814F /* Main.storyboard in Resources */ = {isa = PBXBuildFile; fileRef = CE8ED59A26E2587C001A814F /* Main.storyboard */; };
		CE8ED59E26E25882001A814F /* Assets.xcassets in Resources */ = {isa = PBXBuildFile; fileRef = CE8ED59D26E25882001A814F /* Assets.xcassets */; };
		CE8ED5A126E25882001A814F /* LaunchScreen.storyboard in Resources */ = {isa = PBXBuildFile; fileRef = CE8ED59F26E25882001A814F /* LaunchScreen.storyboard */; };
/* End PBXBuildFile section */

/* Begin PBXCopyFilesBuildPhase section */
		635E66BA27A717C70075C4FB /* Embed App Extensions */ = {
			isa = PBXCopyFilesBuildPhase;
			buildActionMask = 2147483647;
			dstPath = "";
			dstSubfolderSpec = 13;
			files = (
			);
			name = "Embed App Extensions";
			runOnlyForDeploymentPostprocessing = 0;
		};
/* End PBXCopyFilesBuildPhase section */

/* Begin PBXFileReference section */
		631A9DC5279B21EF00C7CC25 /* UniqueScene.swift */ = {isa = PBXFileReference; fileEncoding = 4; lastKnownFileType = sourcecode.swift; path = UniqueScene.swift; sourceTree = "<group>"; };
		631A9DC6279B21EF00C7CC25 /* BlinkScene.swift */ = {isa = PBXFileReference; fileEncoding = 4; lastKnownFileType = sourcecode.swift; path = BlinkScene.swift; sourceTree = "<group>"; };
		634FCC3B279ADB65004DF3F4 /* ProgressBar.swift */ = {isa = PBXFileReference; fileEncoding = 4; lastKnownFileType = sourcecode.swift; path = ProgressBar.swift; sourceTree = "<group>"; };
		6353BEE627673E6C0079EFE8 /* Explosion.sks */ = {isa = PBXFileReference; lastKnownFileType = file.sks; path = Explosion.sks; sourceTree = "<group>"; };
		6353BEE727673E6C0079EFE8 /* exp.sks */ = {isa = PBXFileReference; lastKnownFileType = file.sks; path = exp.sks; sourceTree = "<group>"; };
		6353BEE827673E6C0079EFE8 /* expBig.sks */ = {isa = PBXFileReference; lastKnownFileType = file.sks; path = expBig.sks; sourceTree = "<group>"; };
		6353BEEC27673E8F0079EFE8 /* fire.sks */ = {isa = PBXFileReference; lastKnownFileType = file.sks; path = fire.sks; sourceTree = "<group>"; };
		635E66A727A6FC1C0075C4FB /* Scene.swift */ = {isa = PBXFileReference; lastKnownFileType = sourcecode.swift; path = Scene.swift; sourceTree = "<group>"; };
		635E66BB27A736DE0075C4FB /* GameInitViewController.swift */ = {isa = PBXFileReference; lastKnownFileType = sourcecode.swift; path = GameInitViewController.swift; sourceTree = "<group>"; };
		637BF9AC277A19BB0046786A /* Base.swift */ = {isa = PBXFileReference; fileEncoding = 4; lastKnownFileType = sourcecode.swift; path = Base.swift; sourceTree = "<group>"; };
		637BF9AF277A19BB0046786A /* AppDelegate.swift */ = {isa = PBXFileReference; fileEncoding = 4; lastKnownFileType = sourcecode.swift; path = AppDelegate.swift; sourceTree = "<group>"; };
		63834E29276A1AD200BB5B83 /* LevelsIndicatorView.swift */ = {isa = PBXFileReference; lastKnownFileType = sourcecode.swift; path = LevelsIndicatorView.swift; sourceTree = "<group>"; };
		63834E2B276A62DA00BB5B83 /* SqnsViewController.swift */ = {isa = PBXFileReference; lastKnownFileType = sourcecode.swift; path = SqnsViewController.swift; sourceTree = "<group>"; };
		63B2C30B279B2151008B2C1F /* BlinkItem.swift */ = {isa = PBXFileReference; fileEncoding = 4; lastKnownFileType = sourcecode.swift; path = BlinkItem.swift; sourceTree = "<group>"; };
		63F1C69F279F661500FC4D48 /* InfoScene.swift */ = {isa = PBXFileReference; lastKnownFileType = sourcecode.swift; path = InfoScene.swift; sourceTree = "<group>"; };
		CE08208226E663D10087EC8C /* MenuViewController.swift */ = {isa = PBXFileReference; lastKnownFileType = sourcecode.swift; path = MenuViewController.swift; sourceTree = "<group>"; };
		CE84CD2F26E4137300DB7D5F /* BoomScene.swift */ = {isa = PBXFileReference; fileEncoding = 4; lastKnownFileType = sourcecode.swift; path = BoomScene.swift; sourceTree = "<group>"; };
		CE84CD3026E4137300DB7D5F /* BoomItem.swift */ = {isa = PBXFileReference; fileEncoding = 4; lastKnownFileType = sourcecode.swift; path = BoomItem.swift; sourceTree = "<group>"; };
		CE84CD3B26E4724B00DB7D5F /* StarzGameScene.swift */ = {isa = PBXFileReference; fileEncoding = 4; lastKnownFileType = sourcecode.swift; path = StarzGameScene.swift; sourceTree = "<group>"; };
		CE84CD3C26E4724B00DB7D5F /* ContainerSprite.swift */ = {isa = PBXFileReference; fileEncoding = 4; lastKnownFileType = sourcecode.swift; path = ContainerSprite.swift; sourceTree = "<group>"; };
		CE84CD4726E472F200DB7D5F /* Level.swift */ = {isa = PBXFileReference; fileEncoding = 4; lastKnownFileType = sourcecode.swift; path = Level.swift; sourceTree = "<group>"; };
		CE84CD4926E474E100DB7D5F /* Helpers.swift */ = {isa = PBXFileReference; fileEncoding = 4; lastKnownFileType = sourcecode.swift; path = Helpers.swift; sourceTree = "<group>"; };
		CE84CD5B26E47C3000DB7D5F /* GameViewController.swift */ = {isa = PBXFileReference; fileEncoding = 4; lastKnownFileType = sourcecode.swift; path = GameViewController.swift; sourceTree = "<group>"; };
		CE84CD5F26E47C8800DB7D5F /* PlayFinalViewController.swift */ = {isa = PBXFileReference; fileEncoding = 4; lastKnownFileType = sourcecode.swift; path = PlayFinalViewController.swift; sourceTree = "<group>"; };
		CE8ED59126E2587C001A814F /* LevelUp.app */ = {isa = PBXFileReference; explicitFileType = wrapper.application; includeInIndex = 0; path = LevelUp.app; sourceTree = BUILT_PRODUCTS_DIR; };
		CE8ED59826E2587C001A814F /* PracticeViewController.swift */ = {isa = PBXFileReference; lastKnownFileType = sourcecode.swift; path = PracticeViewController.swift; sourceTree = "<group>"; };
		CE8ED59B26E2587C001A814F /* Base */ = {isa = PBXFileReference; lastKnownFileType = file.storyboard; name = Base; path = Base.lproj/Main.storyboard; sourceTree = "<group>"; };
		CE8ED59D26E25882001A814F /* Assets.xcassets */ = {isa = PBXFileReference; lastKnownFileType = folder.assetcatalog; path = Assets.xcassets; sourceTree = "<group>"; };
		CE8ED5A026E25882001A814F /* Base */ = {isa = PBXFileReference; lastKnownFileType = file.storyboard; name = Base; path = Base.lproj/LaunchScreen.storyboard; sourceTree = "<group>"; };
		CE8ED5A226E25882001A814F /* Info.plist */ = {isa = PBXFileReference; lastKnownFileType = text.plist.xml; path = Info.plist; sourceTree = "<group>"; };
/* End PBXFileReference section */

/* Begin PBXFrameworksBuildPhase section */
		CE8ED58E26E2587C001A814F /* Frameworks */ = {
			isa = PBXFrameworksBuildPhase;
			buildActionMask = 2147483647;
			files = (
			);
			runOnlyForDeploymentPostprocessing = 0;
		};
/* End PBXFrameworksBuildPhase section */

/* Begin PBXGroup section */
		634FCC3A279ADADF004DF3F4 /* Scene */ = {
			isa = PBXGroup;
			children = (
				CE84CD3B26E4724B00DB7D5F /* StarzGameScene.swift */,
				635E66A727A6FC1C0075C4FB /* Scene.swift */,
				631A9DC6279B21EF00C7CC25 /* BlinkScene.swift */,
				63F1C69F279F661500FC4D48 /* InfoScene.swift */,
				631A9DC5279B21EF00C7CC25 /* UniqueScene.swift */,
				CE84CD2F26E4137300DB7D5F /* BoomScene.swift */,
			);
			path = Scene;
			sourceTree = "<group>";
		};
		637BF9BD277A19CA0046786A /* Game */ = {
			isa = PBXGroup;
			children = (
				CE84CD4726E472F200DB7D5F /* Level.swift */,
				CE08208226E663D10087EC8C /* MenuViewController.swift */,
				635E66BB27A736DE0075C4FB /* GameInitViewController.swift */,
				CE8ED59826E2587C001A814F /* PracticeViewController.swift */,
				CE84CD5B26E47C3000DB7D5F /* GameViewController.swift */,
				CE84CD5F26E47C8800DB7D5F /* PlayFinalViewController.swift */,
				63834E2B276A62DA00BB5B83 /* SqnsViewController.swift */,
				CE84CD4926E474E100DB7D5F /* Helpers.swift */,
				63834E29276A1AD200BB5B83 /* LevelsIndicatorView.swift */,
				6353BEE727673E6C0079EFE8 /* exp.sks */,
				6353BEEC27673E8F0079EFE8 /* fire.sks */,
				6353BEE827673E6C0079EFE8 /* expBig.sks */,
				6353BEE627673E6C0079EFE8 /* Explosion.sks */,
				63B2C308279B200F008B2C1F /* Nodes */,
				634FCC3A279ADADF004DF3F4 /* Scene */,
				CE8ED59A26E2587C001A814F /* Main.storyboard */,
				CE8ED59D26E25882001A814F /* Assets.xcassets */,
				CE8ED59F26E25882001A814F /* LaunchScreen.storyboard */,
			);
			path = Game;
			sourceTree = "<group>";
		};
		63B2C308279B200F008B2C1F /* Nodes */ = {
			isa = PBXGroup;
			children = (
				CE84CD3C26E4724B00DB7D5F /* ContainerSprite.swift */,
				634FCC3B279ADB65004DF3F4 /* ProgressBar.swift */,
				CE84CD3026E4137300DB7D5F /* BoomItem.swift */,
				63B2C30B279B2151008B2C1F /* BlinkItem.swift */,
			);
			path = Nodes;
			sourceTree = "<group>";
		};
		CE8ED58826E2587B001A814F = {
			isa = PBXGroup;
			children = (
				CE8ED59326E2587C001A814F /* LevelUp */,
				CE8ED59226E2587C001A814F /* Products */,
			);
			sourceTree = "<group>";
		};
		CE8ED59226E2587C001A814F /* Products */ = {
			isa = PBXGroup;
			children = (
				CE8ED59126E2587C001A814F /* LevelUp.app */,
			);
			name = Products;
			sourceTree = "<group>";
		};
		CE8ED59326E2587C001A814F /* LevelUp */ = {
			isa = PBXGroup;
			children = (
				637BF9AC277A19BB0046786A /* Base.swift */,
				637BF9AF277A19BB0046786A /* AppDelegate.swift */,
				637BF9BD277A19CA0046786A /* Game */,
				CE8ED5A226E25882001A814F /* Info.plist */,
			);
			path = LevelUp;
			sourceTree = "<group>";
		};
/* End PBXGroup section */

/* Begin PBXNativeTarget section */
		CE8ED59026E2587C001A814F /* LevelUp */ = {
			isa = PBXNativeTarget;
			buildConfigurationList = CE8ED5A526E25882001A814F /* Build configuration list for PBXNativeTarget "LevelUp" */;
			buildPhases = (
				CE8ED58D26E2587C001A814F /* Sources */,
				CE8ED58E26E2587C001A814F /* Frameworks */,
				CE8ED58F26E2587C001A814F /* Resources */,
				635E66BA27A717C70075C4FB /* Embed App Extensions */,
			);
			buildRules = (
			);
			dependencies = (
			);
			name = LevelUp;
			packageProductDependencies = (
			);
			productName = LevelUp;
			productReference = CE8ED59126E2587C001A814F /* LevelUp.app */;
			productType = "com.apple.product-type.application";
		};
/* End PBXNativeTarget section */

/* Begin PBXProject section */
		CE8ED58926E2587B001A814F /* Project object */ = {
			isa = PBXProject;
			attributes = {
				LastSwiftUpdateCheck = 1300;
				LastUpgradeCheck = 1250;
				TargetAttributes = {
					CE8ED59026E2587C001A814F = {
						CreatedOnToolsVersion = 12.5.1;
					};
				};
			};
			buildConfigurationList = CE8ED58C26E2587C001A814F /* Build configuration list for PBXProject "LevelUp" */;
			compatibilityVersion = "Xcode 9.3";
			developmentRegion = en;
			hasScannedForEncodings = 0;
			knownRegions = (
				en,
				Base,
			);
			mainGroup = CE8ED58826E2587B001A814F;
			packageReferences = (
			);
			productRefGroup = CE8ED59226E2587C001A814F /* Products */;
			projectDirPath = "";
			projectRoot = "";
			targets = (
				CE8ED59026E2587C001A814F /* LevelUp */,
			);
		};
/* End PBXProject section */

/* Begin PBXResourcesBuildPhase section */
		CE8ED58F26E2587C001A814F /* Resources */ = {
			isa = PBXResourcesBuildPhase;
			buildActionMask = 2147483647;
			files = (
				6353BEEB27673E6C0079EFE8 /* expBig.sks in Resources */,
				CE8ED5A126E25882001A814F /* LaunchScreen.storyboard in Resources */,
				6353BEE927673E6C0079EFE8 /* Explosion.sks in Resources */,
				6353BEED27673E8F0079EFE8 /* fire.sks in Resources */,
				6353BEEA27673E6C0079EFE8 /* exp.sks in Resources */,
				CE8ED59E26E25882001A814F /* Assets.xcassets in Resources */,
				CE8ED59C26E2587C001A814F /* Main.storyboard in Resources */,
			);
			runOnlyForDeploymentPostprocessing = 0;
		};
/* End PBXResourcesBuildPhase section */

/* Begin PBXSourcesBuildPhase section */
		CE8ED58D26E2587C001A814F /* Sources */ = {
			isa = PBXSourcesBuildPhase;
			buildActionMask = 2147483647;
			files = (
				63F1C6A0279F661500FC4D48 /* InfoScene.swift in Sources */,
				CE84CD3F26E4724B00DB7D5F /* ContainerSprite.swift in Sources */,
				CE84CD6026E47C8800DB7D5F /* PlayFinalViewController.swift in Sources */,
				CE84CD3E26E4724B00DB7D5F /* StarzGameScene.swift in Sources */,
				631A9DC7279B21EF00C7CC25 /* UniqueScene.swift in Sources */,
				63834E2C276A62DA00BB5B83 /* SqnsViewController.swift in Sources */,
				CE84CD3226E4137300DB7D5F /* BoomItem.swift in Sources */,
				635E66BC27A736DE0075C4FB /* GameInitViewController.swift in Sources */,
				63834E2A276A1AD200BB5B83 /* LevelsIndicatorView.swift in Sources */,
				CE84CD4A26E474E100DB7D5F /* Helpers.swift in Sources */,
				637BF9B9277A19BB0046786A /* Base.swift in Sources */,
				CE84CD5C26E47C3000DB7D5F /* GameViewController.swift in Sources */,
				CE84CD3126E4137300DB7D5F /* BoomScene.swift in Sources */,
				CE8ED59926E2587C001A814F /* PracticeViewController.swift in Sources */,
				63B2C30C279B2151008B2C1F /* BlinkItem.swift in Sources */,
				CE08208326E663D10087EC8C /* MenuViewController.swift in Sources */,
				631A9DC8279B21EF00C7CC25 /* BlinkScene.swift in Sources */,
				634FCC3C279ADB65004DF3F4 /* ProgressBar.swift in Sources */,
				635E66A827A6FC1C0075C4FB /* Scene.swift in Sources */,
				637BF9BC277A19BB0046786A /* AppDelegate.swift in Sources */,
				CE84CD4826E472F200DB7D5F /* Level.swift in Sources */,
			);
			runOnlyForDeploymentPostprocessing = 0;
		};
/* End PBXSourcesBuildPhase section */

/* Begin PBXVariantGroup section */
		CE8ED59A26E2587C001A814F /* Main.storyboard */ = {
			isa = PBXVariantGroup;
			children = (
				CE8ED59B26E2587C001A814F /* Base */,
			);
			name = Main.storyboard;
			sourceTree = "<group>";
		};
		CE8ED59F26E25882001A814F /* LaunchScreen.storyboard */ = {
			isa = PBXVariantGroup;
			children = (
				CE8ED5A026E25882001A814F /* Base */,
			);
			name = LaunchScreen.storyboard;
			sourceTree = "<group>";
		};
/* End PBXVariantGroup section */

/* Begin XCBuildConfiguration section */
		CE8ED5A326E25882001A814F /* Debug */ = {
			isa = XCBuildConfiguration;
			buildSettings = {
				ALWAYS_SEARCH_USER_PATHS = NO;
				CLANG_ANALYZER_NONNULL = YES;
				CLANG_ANALYZER_NUMBER_OBJECT_CONVERSION = YES_AGGRESSIVE;
				CLANG_CXX_LANGUAGE_STANDARD = "gnu++14";
				CLANG_CXX_LIBRARY = "libc++";
				CLANG_ENABLE_MODULES = YES;
				CLANG_ENABLE_OBJC_ARC = YES;
				CLANG_ENABLE_OBJC_WEAK = YES;
				CLANG_WARN_BLOCK_CAPTURE_AUTORELEASING = YES;
				CLANG_WARN_BOOL_CONVERSION = YES;
				CLANG_WARN_COMMA = YES;
				CLANG_WARN_CONSTANT_CONVERSION = YES;
				CLANG_WARN_DEPRECATED_OBJC_IMPLEMENTATIONS = YES;
				CLANG_WARN_DIRECT_OBJC_ISA_USAGE = YES_ERROR;
				CLANG_WARN_DOCUMENTATION_COMMENTS = YES;
				CLANG_WARN_EMPTY_BODY = YES;
				CLANG_WARN_ENUM_CONVERSION = YES;
				CLANG_WARN_INFINITE_RECURSION = YES;
				CLANG_WARN_INT_CONVERSION = YES;
				CLANG_WARN_NON_LITERAL_NULL_CONVERSION = YES;
				CLANG_WARN_OBJC_IMPLICIT_RETAIN_SELF = YES;
				CLANG_WARN_OBJC_LITERAL_CONVERSION = YES;
				CLANG_WARN_OBJC_ROOT_CLASS = YES_ERROR;
				CLANG_WARN_QUOTED_INCLUDE_IN_FRAMEWORK_HEADER = YES;
				CLANG_WARN_RANGE_LOOP_ANALYSIS = YES;
				CLANG_WARN_STRICT_PROTOTYPES = YES;
				CLANG_WARN_SUSPICIOUS_MOVE = YES;
				CLANG_WARN_UNGUARDED_AVAILABILITY = YES_AGGRESSIVE;
				CLANG_WARN_UNREACHABLE_CODE = YES;
				CLANG_WARN__DUPLICATE_METHOD_MATCH = YES;
				COPY_PHASE_STRIP = NO;
				DEBUG_INFORMATION_FORMAT = dwarf;
				ENABLE_STRICT_OBJC_MSGSEND = YES;
				ENABLE_TESTABILITY = YES;
				GCC_C_LANGUAGE_STANDARD = gnu11;
				GCC_DYNAMIC_NO_PIC = NO;
				GCC_NO_COMMON_BLOCKS = YES;
				GCC_OPTIMIZATION_LEVEL = 0;
				GCC_PREPROCESSOR_DEFINITIONS = (
					"DEBUG=1",
					"$(inherited)",
				);
				GCC_WARN_64_TO_32_BIT_CONVERSION = YES;
				GCC_WARN_ABOUT_RETURN_TYPE = YES_ERROR;
				GCC_WARN_UNDECLARED_SELECTOR = YES;
				GCC_WARN_UNINITIALIZED_AUTOS = YES_AGGRESSIVE;
				GCC_WARN_UNUSED_FUNCTION = YES;
				GCC_WARN_UNUSED_VARIABLE = YES;
				IPHONEOS_DEPLOYMENT_TARGET = 12.1;
				MTL_ENABLE_DEBUG_INFO = INCLUDE_SOURCE;
				MTL_FAST_MATH = YES;
				ONLY_ACTIVE_ARCH = YES;
				SDKROOT = iphoneos;
				SWIFT_ACTIVE_COMPILATION_CONDITIONS = DEBUG;
				SWIFT_OPTIMIZATION_LEVEL = "-Onone";
			};
			name = Debug;
		};
		CE8ED5A426E25882001A814F /* Release */ = {
			isa = XCBuildConfiguration;
			buildSettings = {
				ALWAYS_SEARCH_USER_PATHS = NO;
				CLANG_ANALYZER_NONNULL = YES;
				CLANG_ANALYZER_NUMBER_OBJECT_CONVERSION = YES_AGGRESSIVE;
				CLANG_CXX_LANGUAGE_STANDARD = "gnu++14";
				CLANG_CXX_LIBRARY = "libc++";
				CLANG_ENABLE_MODULES = YES;
				CLANG_ENABLE_OBJC_ARC = YES;
				CLANG_ENABLE_OBJC_WEAK = YES;
				CLANG_WARN_BLOCK_CAPTURE_AUTORELEASING = YES;
				CLANG_WARN_BOOL_CONVERSION = YES;
				CLANG_WARN_COMMA = YES;
				CLANG_WARN_CONSTANT_CONVERSION = YES;
				CLANG_WARN_DEPRECATED_OBJC_IMPLEMENTATIONS = YES;
				CLANG_WARN_DIRECT_OBJC_ISA_USAGE = YES_ERROR;
				CLANG_WARN_DOCUMENTATION_COMMENTS = YES;
				CLANG_WARN_EMPTY_BODY = YES;
				CLANG_WARN_ENUM_CONVERSION = YES;
				CLANG_WARN_INFINITE_RECURSION = YES;
				CLANG_WARN_INT_CONVERSION = YES;
				CLANG_WARN_NON_LITERAL_NULL_CONVERSION = YES;
				CLANG_WARN_OBJC_IMPLICIT_RETAIN_SELF = YES;
				CLANG_WARN_OBJC_LITERAL_CONVERSION = YES;
				CLANG_WARN_OBJC_ROOT_CLASS = YES_ERROR;
				CLANG_WARN_QUOTED_INCLUDE_IN_FRAMEWORK_HEADER = YES;
				CLANG_WARN_RANGE_LOOP_ANALYSIS = YES;
				CLANG_WARN_STRICT_PROTOTYPES = YES;
				CLANG_WARN_SUSPICIOUS_MOVE = YES;
				CLANG_WARN_UNGUARDED_AVAILABILITY = YES_AGGRESSIVE;
				CLANG_WARN_UNREACHABLE_CODE = YES;
				CLANG_WARN__DUPLICATE_METHOD_MATCH = YES;
				COPY_PHASE_STRIP = NO;
				DEBUG_INFORMATION_FORMAT = "dwarf-with-dsym";
				ENABLE_NS_ASSERTIONS = NO;
				ENABLE_STRICT_OBJC_MSGSEND = YES;
				GCC_C_LANGUAGE_STANDARD = gnu11;
				GCC_NO_COMMON_BLOCKS = YES;
				GCC_WARN_64_TO_32_BIT_CONVERSION = YES;
				GCC_WARN_ABOUT_RETURN_TYPE = YES_ERROR;
				GCC_WARN_UNDECLARED_SELECTOR = YES;
				GCC_WARN_UNINITIALIZED_AUTOS = YES_AGGRESSIVE;
				GCC_WARN_UNUSED_FUNCTION = YES;
				GCC_WARN_UNUSED_VARIABLE = YES;
				IPHONEOS_DEPLOYMENT_TARGET = 12.1;
				MTL_ENABLE_DEBUG_INFO = NO;
				MTL_FAST_MATH = YES;
				SDKROOT = iphoneos;
				SWIFT_COMPILATION_MODE = wholemodule;
				SWIFT_OPTIMIZATION_LEVEL = "-O";
				VALIDATE_PRODUCT = YES;
			};
			name = Release;
		};
		CE8ED5A626E25882001A814F /* Debug */ = {
			isa = XCBuildConfiguration;
			buildSettings = {
				ALWAYS_EMBED_SWIFT_STANDARD_LIBRARIES = YES;
				ASSETCATALOG_COMPILER_APPICON_NAME = AppIcon;
				ASSETCATALOG_COMPILER_GLOBAL_ACCENT_COLOR_NAME = AccentColor;
				CODE_SIGN_IDENTITY = "Apple Development";
				CODE_SIGN_STYLE = Manual;
				CURRENT_PROJECT_VERSION = 1;
				DEVELOPMENT_TEAM = "";
				INFOPLIST_FILE = LevelUp/Info.plist;
				IPHONEOS_DEPLOYMENT_TARGET = 13.0;
				LD_RUNPATH_SEARCH_PATHS = (
					"$(inherited)",
					"@executable_path/Frameworks",
				);
				MARKETING_VERSION = 1.1;
				PRODUCT_BUNDLE_IDENTIFIER = com.asdasd.asd;
				PRODUCT_NAME = "$(TARGET_NAME)";
				PROVISIONING_PROFILE_SPECIFIER = "";
				SWIFT_VERSION = 5.0;
				TARGETED_DEVICE_FAMILY = 1;
			};
			name = Debug;
		};
		CE8ED5A726E25882001A814F /* Release */ = {
			isa = XCBuildConfiguration;
			buildSettings = {
				ALWAYS_EMBED_SWIFT_STANDARD_LIBRARIES = YES;
				ASSETCATALOG_COMPILER_APPICON_NAME = AppIcon;
				ASSETCATALOG_COMPILER_GLOBAL_ACCENT_COLOR_NAME = AccentColor;
				CODE_SIGN_IDENTITY = "Apple Development";
				CODE_SIGN_STYLE = Manual;
				CURRENT_PROJECT_VERSION = 1;
				DEVELOPMENT_TEAM = "";
				INFOPLIST_FILE = LevelUp/Info.plist;
				IPHONEOS_DEPLOYMENT_TARGET = 13.0;
				LD_RUNPATH_SEARCH_PATHS = (
					"$(inherited)",
					"@executable_path/Frameworks",
				);
				MARKETING_VERSION = 1.1;
				PRODUCT_BUNDLE_IDENTIFIER = com.asdasd.asd;
				PRODUCT_NAME = "$(TARGET_NAME)";
				PROVISIONING_PROFILE_SPECIFIER = "";
				SWIFT_VERSION = 5.0;
				TARGETED_DEVICE_FAMILY = 1;
			};
			name = Release;
		};
/* End XCBuildConfiguration section */

/* Begin XCConfigurationList section */
		CE8ED58C26E2587C001A814F /* Build configuration list for PBXProject "LevelUp" */ = {
			isa = XCConfigurationList;
			buildConfigurations = (
				CE8ED5A326E25882001A814F /* Debug */,
				CE8ED5A426E25882001A814F /* Release */,
			);
			defaultConfigurationIsVisible = 0;
			defaultConfigurationName = Release;
		};
		CE8ED5A526E25882001A814F /* Build configuration list for PBXNativeTarget "LevelUp" */ = {
			isa = XCConfigurationList;
			buildConfigurations = (
				CE8ED5A626E25882001A814F /* Debug */,
				CE8ED5A726E25882001A814F /* Release */,
			);
			defaultConfigurationIsVisible = 0;
			defaultConfigurationName = Release;
		};
/* End XCConfigurationList section */
	};
	rootObject = CE8ED58926E2587B001A814F /* Project object */;
}
